Microsoft Visual Studio Solution File, Format Version 12.00
# Visual Studio Version 17
VisualStudioVersion = 17.5.2.0
MinimumVisualStudioVersion = 10.0.40219.1
Project("{FAE04EC0-301F-11D3-BF4B-00C04F79EFBC}") = "DashboardVerschuivingen", "DashboardVerschuivingen\DashboardVerschuivingen.csproj", "{43165B8C-9692-6C3B-BEE5-B67369CED490}"
EndProject
Project("{FAE04EC0-301F-11D3-BF4B-00C04F79EFBC}") = "DashboardWeb", "DashboardWeb\DashboardWeb.csproj", "{5CAC2E73-008C-0ED8-94FF-B862B934F55D}"
EndProject
Global
	GlobalSection(SolutionConfigurationPlatforms) = preSolution
		Debug|Any CPU = Debug|Any CPU
		Release|Any CPU = Release|Any CPU
	EndGlobalSection
	GlobalSection(ProjectConfigurationPlatforms) = postSolution
		{43165B8C-9692-6C3B-BEE5-B67369CED490}.Debug|Any CPU.ActiveCfg = Debug|Any CPU
		{43165B8C-9692-6C3B-BEE5-B67369CED490}.Debug|Any CPU.Build.0 = Debug|Any CPU
		{43165B8C-9692-6C3B-BEE5-B67369CED490}.Release|Any CPU.ActiveCfg = Release|Any CPU
		{43165B8C-9692-6C3B-BEE5-B67369CED490}.Release|Any CPU.Build.0 = Release|Any CPU
		{5CAC2E73-008C-0ED8-94FF-B862B934F55D}.Debug|Any CPU.ActiveCfg = Debug|Any CPU
		{5CAC2E73-008C-0ED8-94FF-B862B934F55D}.Debug|Any CPU.Build.0 = Debug|Any CPU
		{5CAC2E73-008C-0ED8-94FF-B862B934F55D}.Release|Any CPU.ActiveCfg = Release|Any CPU
		{5CAC2E73-008C-0ED8-94FF-B862B934F55D}.Release|Any CPU.Build.0 = Release|Any CPU
	EndGlobalSection
	GlobalSection(SolutionProperties) = preSolution
		HideSolutionNode = FALSE
	EndGlobalSection
	GlobalSection(ExtensibilityGlobals) = postSolution
		SolutionGuid = {8B3C2FF8-CB4B-404D-86C1-57AC605AF939}
	EndGlobalSection
EndGlobal
